
Microsoft Visual Studio Solution File, Format Version 12.00
# Visual Studio Version 16
VisualStudioVersion = 16.0.32126.315
MinimumVisualStudioVersion = 10.0.40219.1
Project("{FAE04EC0-301F-11D3-BF4B-00C04F79EFBC}") = "AvaloniaApplication6", "AvaloniaApplication6\AvaloniaApplication6.csproj", "{2BBF9881-1E21-4462-BD31-067D0A1BFA1D}"
EndProject
Global
	GlobalSection(SolutionConfigurationPlatforms) = preSolution
		Debug|Any CPU = Debug|Any CPU
		Release|Any CPU = Release|Any CPU
	EndGlobalSection
	GlobalSection(ProjectConfigurationPlatforms) = postSolution
		{2BBF9881-1E21-4462-BD31-067D0A1BFA1D}.Debug|Any CPU.ActiveCfg = Debug|Any CPU
		{2BBF9881-1E21-4462-BD31-067D0A1BFA1D}.Debug|Any CPU.Build.0 = Debug|Any CPU
		{2BBF9881-1E21-4462-BD31-067D0A1BFA1D}.Release|Any CPU.ActiveCfg = Release|Any CPU
		{2BBF9881-1E21-4462-BD31-067D0A1BFA1D}.Release|Any CPU.Build.0 = Release|Any CPU
	EndGlobalSection
	GlobalSection(SolutionProperties) = preSolution
		HideSolutionNode = FALSE
	EndGlobalSection
	GlobalSection(ExtensibilityGlobals) = postSolution
		SolutionGuid = {6123799C-2615-460B-9FE1-A2A630911B74}
	EndGlobalSection
EndGlobal
